# THIS IS AN AUTOGENERATED FILE. DO NOT EDIT THIS FILE DIRECTLY.
# yarn lockfile v1


bl@~0.9.4:
  version "0.9.5"
  resolved "http://registry.npm.taobao.org/bl/download/bl-0.9.5.tgz#c06b797af085ea00bc527afc8efcf11de2232054"
  integrity sha1-wGt5evCF6gC8Unr8jvzxHeIjIFQ=
  dependencies:
    readable-stream "~1.0.26"

coding-webhook-handler@^0.6.1:
  version "0.6.1"
  resolved "http://registry.npm.taobao.org/coding-webhook-handler/download/coding-webhook-handler-0.6.1.tgz#ff4ac4e1c5cad237a30084f9234f9ebb913b8251"
  integrity sha1-/0rE4cXK0jejAIT5I0+eu5E7glE=
  dependencies:
    bl "~0.9.4"

core-util-is@~1.0.0:
  version "1.0.2"
  resolved "http://registry.npm.taobao.org/core-util-is/download/core-util-is-1.0.2.tgz#b5fd54220aa2bc5ab57aab7140c940754503c1a7"
  integrity sha1-tf1UIgqivFq1eqtxQMlAdUUDwac=

inherits@~2.0.1:
  version "2.0.3"
  resolved "http://registry.npm.taobao.org/inherits/download/inherits-2.0.3.tgz#633c2c83e3da42a502f52466022480f4208261de"
  integrity sha1-Yzwsg+PaQqUC9SRmAiSA9CCCYd4=

isarray@0.0.1:
  version "0.0.1"
  resolved "http://registry.npm.taobao.org/isarray/download/isarray-0.0.1.tgz#8a18acfca9a8f4177e09abfc6038939b05d1eedf"
  integrity sha1-ihis/Kmo9Bd+Cav8YDiTmwXR7t8=

readable-stream@~1.0.26:
  version "1.0.34"
  resolved "http://registry.npm.taobao.org/readable-stream/download/readable-stream-1.0.34.tgz#125820e34bc842d2f2aaafafe4c2916ee32c157c"
  integrity sha1-Elgg40vIQtLyqq+v5MKRbuMsFXw=
  dependencies:
    core-util-is "~1.0.0"
    inherits "~2.0.1"
    isarray "0.0.1"
    string_decoder "~0.10.x"

string_decoder@~0.10.x:
  version "0.10.31"
  resolved "http://registry.npm.taobao.org/string_decoder/download/string_decoder-0.10.31.tgz#62e203bc41766c6c28c9fc84301dab1c5310fa94"
  integrity sha1-YuIDvEF2bGwoyfyEMB2rHFMQ+pQ=
